<Solution>
  <Project Path="CyclingRoutes.Api/CyclingRoutes.Api.csproj" />
  <Project Path="CyclingRoutes.Application/CyclingRoutes.Application.csproj" />
  <Project Path="CyclingRoutes.Contracts/CyclingRoutes.Contracts.csproj" />
  <Project Path="CyclingRoutes.Domain/CyclingRoutes.Domain.csproj" />
  <Project Path="CyclingRoutes.Infrastructure/CyclingRoutes.Infrastructure.csproj" />
  <Project Path="CyclingRoutes.Tests.Integration/CyclingRoutes.Tests.Integration.csproj" />
  <Project Path="CyclingRoutes.Tests.Unit/CyclingRoutes.Tests.Unit.csproj" />
</Solution>
